// !$*UTF8*$!
{
	archiveVersion = 1;
	classes = {
	};
	objectVersion = 46;
	objects = {

/* Begin PBXBuildFile section */
		AA6A82631956B72D0023D6DE /* Foundation.framework in Frameworks */ = {isa = PBXBuildFile; fileRef = AA6A82621956B72D0023D6DE /* Foundation.framework */; };
		AA6A82651956B72D0023D6DE /* CoreGraphics.framework in Frameworks */ = {isa = PBXBuildFile; fileRef = AA6A82641956B72D0023D6DE /* CoreGraphics.framework */; };
		AA6A82671956B72D0023D6DE /* UIKit.framework in Frameworks */ = {isa = PBXBuildFile; fileRef = AA6A82661956B72D0023D6DE /* UIKit.framework */; };
		AA6A82691956B72D0023D6DE /* CoreData.framework in Frameworks */ = {isa = PBXBuildFile; fileRef = AA6A82681956B72D0023D6DE /* CoreData.framework */; };
		AA6A826F1956B72D0023D6DE /* InfoPlist.strings in Resources */ = {isa = PBXBuildFile; fileRef = AA6A826D1956B72D0023D6DE /* InfoPlist.strings */; };
		AA6A82711956B72D0023D6DE /* main.m in Sources */ = {isa = PBXBuildFile; fileRef = AA6A82701956B72D0023D6DE /* main.m */; };
		AA6A82751956B72D0023D6DE /* AppDelegate.m in Sources */ = {isa = PBXBuildFile; fileRef = AA6A82741956B72D0023D6DE /* AppDelegate.m */; };
		AA6A82781956B72D0023D6DE /* Main.storyboard in Resources */ = {isa = PBXBuildFile; fileRef = AA6A82761956B72D0023D6DE /* Main.storyboard */; };
		AA6A827B1956B72D0023D6DE /* TouchIOS.xcdatamodeld in Sources */ = {isa = PBXBuildFile; fileRef = AA6A82791956B72D0023D6DE /* TouchIOS.xcdatamodeld */; };
		AA6A827E1956B72D0023D6DE /* MasterViewController.m in Sources */ = {isa = PBXBuildFile; fileRef = AA6A827D1956B72D0023D6DE /* MasterViewController.m */; };
		AA6A82811956B72D0023D6DE /* DetailViewController.m in Sources */ = {isa = PBXBuildFile; fileRef = AA6A82801956B72D0023D6DE /* DetailViewController.m */; };
		AA6A82831956B72D0023D6DE /* Images.xcassets in Resources */ = {isa = PBXBuildFile; fileRef = AA6A82821956B72D0023D6DE /* Images.xcassets */; };
		AA6A828A1956B72D0023D6DE /* XCTest.framework in Frameworks */ = {isa = PBXBuildFile; fileRef = AA6A82891956B72D0023D6DE /* XCTest.framework */; };
		AA6A828B1956B72D0023D6DE /* Foundation.framework in Frameworks */ = {isa = PBXBuildFile; fileRef = AA6A82621956B72D0023D6DE /* Foundation.framework */; };
		AA6A828C1956B72D0023D6DE /* UIKit.framework in Frameworks */ = {isa = PBXBuildFile; fileRef = AA6A82661956B72D0023D6DE /* UIKit.framework */; };
		AA6A828D1956B72D0023D6DE /* CoreData.framework in Frameworks */ = {isa = PBXBuildFile; fileRef = AA6A82681956B72D0023D6DE /* CoreData.framework */; };
		AA6A82951956B72D0023D6DE /* InfoPlist.strings in Resources */ = {isa = PBXBuildFile; fileRef = AA6A82931956B72D0023D6DE /* InfoPlist.strings */; };
		AA6A82971956B72D0023D6DE /* TouchIOSTests.m in Sources */ = {isa = PBXBuildFile; fileRef = AA6A82961956B72D0023D6DE /* TouchIOSTests.m */; };
/* End PBXBuildFile section */

/* Begin PBXContainerItemProxy section */
		AA6A828E1956B72D0023D6DE /* PBXContainerItemProxy */ = {
			isa = PBXContainerItemProxy;
			containerPortal = AA6A82571956B72D0023D6DE /* Project object */;
			proxyType = 1;
			remoteGlobalIDString = AA6A825E1956B72D0023D6DE;
			remoteInfo = TouchIOS;
		};
/* End PBXContainerItemProxy section */

/* Begin PBXFileReference section */
		AA6A825F1956B72D0023D6DE /* TouchIOS.app */ = {isa = PBXFileReference; explicitFileType = wrapper.application; includeInIndex = 0; path = TouchIOS.app; sourceTree = BUILT_PRODUCTS_DIR; };
		AA6A82621956B72D0023D6DE /* Foundation.framework */ = {isa = PBXFileReference; lastKnownFileType = wrapper.framework; name = Foundation.framework; path = System/Library/Frameworks/Foundation.framework; sourceTree = SDKROOT; };
		AA6A82641956B72D0023D6DE /* CoreGraphics.framework */ = {isa = PBXFileReference; lastKnownFileType = wrapper.framework; name = CoreGraphics.framework; path = System/Library/Frameworks/CoreGraphics.framework; sourceTree = SDKROOT; };
		AA6A82661956B72D0023D6DE /* UIKit.framework */ = {isa = PBXFileReference; lastKnownFileType = wrapper.framework; name = UIKit.framework; path = System/Library/Frameworks/UIKit.framework; sourceTree = SDKROOT; };
		AA6A82681956B72D0023D6DE /* CoreData.framework */ = {isa = PBXFileReference; lastKnownFileType = wrapper.framework; name = CoreData.framework; path = System/Library/Frameworks/CoreData.framework; sourceTree = SDKROOT; };
		AA6A826C1956B72D0023D6DE /* TouchIOS-Info.plist */ = {isa = PBXFileReference; lastKnownFileType = text.plist.xml; path = "TouchIOS-Info.plist"; sourceTree = "<group>"; };
		AA6A826E1956B72D0023D6DE /* en */ = {isa = PBXFileReference; lastKnownFileType = text.plist.strings; name = en; path = en.lproj/InfoPlist.strings; sourceTree = "<group>"; };
		AA6A82701956B72D0023D6DE /* main.m */ = {isa = PBXFileReference; lastKnownFileType = sourcecode.c.objc; path = main.m; sourceTree = "<group>"; };
		AA6A82721956B72D0023D6DE /* TouchIOS-Prefix.pch */ = {isa = PBXFileReference; lastKnownFileType = sourcecode.c.h; path = "TouchIOS-Prefix.pch"; sourceTree = "<group>"; };
		AA6A82731956B72D0023D6DE /* AppDelegate.h */ = {isa = PBXFileReference; lastKnownFileType = sourcecode.c.h; path = AppDelegate.h; sourceTree = "<group>"; };
		AA6A82741956B72D0023D6DE /* AppDelegate.m */ = {isa = PBXFileReference; lastKnownFileType = sourcecode.c.objc; path = AppDelegate.m; sourceTree = "<group>"; };
		AA6A82771956B72D0023D6DE /* Base */ = {isa = PBXFileReference; lastKnownFileType = file.storyboard; name = Base; path = Base.lproj/Main.storyboard; sourceTree = "<group>"; };
		AA6A827A1956B72D0023D6DE /* TouchIOS.xcdatamodel */ = {isa = PBXFileReference; lastKnownFileType = wrapper.xcdatamodel; path = TouchIOS.xcdatamodel; sourceTree = "<group>"; };
		AA6A827C1956B72D0023D6DE /* MasterViewController.h */ = {isa = PBXFileReference; lastKnownFileType = sourcecode.c.h; path = MasterViewController.h; sourceTree = "<group>"; };
		AA6A827D1956B72D0023D6DE /* MasterViewController.m */ = {isa = PBXFileReference; lastKnownFileType = sourcecode.c.objc; path = MasterViewController.m; sourceTree = "<group>"; };
		AA6A827F1956B72D0023D6DE /* DetailViewController.h */ = {isa = PBXFileReference; lastKnownFileType = sourcecode.c.h; path = DetailViewController.h; sourceTree = "<group>"; };
		AA6A82801956B72D0023D6DE /* DetailViewController.m */ = {isa = PBXFileReference; lastKnownFileType = sourcecode.c.objc; path = DetailViewController.m; sourceTree = "<group>"; };
		AA6A82821956B72D0023D6DE /* Images.xcassets */ = {isa = PBXFileReference; lastKnownFileType = folder.assetcatalog; path = Images.xcassets; sourceTree = "<group>"; };
		AA6A82881956B72D0023D6DE /* TouchIOSTests.xctest */ = {isa = PBXFileReference; explicitFileType = wrapper.cfbundle; includeInIndex = 0; path = TouchIOSTests.xctest; sourceTree = BUILT_PRODUCTS_DIR; };
		AA6A82891956B72D0023D6DE /* XCTest.framework */ = {isa = PBXFileReference; lastKnownFileType = wrapper.framework; name = XCTest.framework; path = Library/Frameworks/XCTest.framework; sourceTree = DEVELOPER_DIR; };
		AA6A82921956B72D0023D6DE /* TouchIOSTests-Info.plist */ = {isa = PBXFileReference; lastKnownFileType = text.plist.xml; path = "TouchIOSTests-Info.plist"; sourceTree = "<group>"; };
		AA6A82941956B72D0023D6DE /* en */ = {isa = PBXFileReference; lastKnownFileType = text.plist.strings; name = en; path = en.lproj/InfoPlist.strings; sourceTree = "<group>"; };
		AA6A82961956B72D0023D6DE /* TouchIOSTests.m */ = {isa = PBXFileReference; lastKnownFileType = sourcecode.c.objc; path = TouchIOSTests.m; sourceTree = "<group>"; };
/* End PBXFileReference section */

/* Begin PBXFrameworksBuildPhase section */
		AA6A825C1956B72D0023D6DE /* Frameworks */ = {
			isa = PBXFrameworksBuildPhase;
			buildActionMask = 2147483647;
			files = (
				AA6A82651956B72D0023D6DE /* CoreGraphics.framework in Frameworks */,
				AA6A82691956B72D0023D6DE /* CoreData.framework in Frameworks */,
				AA6A82671956B72D0023D6DE /* UIKit.framework in Frameworks */,
				AA6A82631956B72D0023D6DE /* Foundation.framework in Frameworks */,
			);
			runOnlyForDeploymentPostprocessing = 0;
		};
		AA6A82851956B72D0023D6DE /* Frameworks */ = {
			isa = PBXFrameworksBuildPhase;
			buildActionMask = 2147483647;
			files = (
				AA6A828A1956B72D0023D6DE /* XCTest.framework in Frameworks */,
				AA6A828D1956B72D0023D6DE /* CoreData.framework in Frameworks */,
				AA6A828C1956B72D0023D6DE /* UIKit.framework in Frameworks */,
				AA6A828B1956B72D0023D6DE /* Foundation.framework in Frameworks */,
			);
			runOnlyForDeploymentPostprocessing = 0;
		};
/* End PBXFrameworksBuildPhase section */

/* Begin PBXGroup section */
		AA6A82561956B72D0023D6DE = {
			isa = PBXGroup;
			children = (
				AA6A826A1956B72D0023D6DE /* TouchIOS */,
				AA6A82901956B72D0023D6DE /* TouchIOSTests */,
				AA6A82611956B72D0023D6DE /* Frameworks */,
				AA6A82601956B72D0023D6DE /* Products */,
			);
			sourceTree = "<group>";
		};
		AA6A82601956B72D0023D6DE /* Products */ = {
			isa = PBXGroup;
			children = (
				AA6A825F1956B72D0023D6DE /* TouchIOS.app */,
				AA6A82881956B72D0023D6DE /* TouchIOSTests.xctest */,
			);
			name = Products;
			sourceTree = "<group>";
		};
		AA6A82611956B72D0023D6DE /* Frameworks */ = {
			isa = PBXGroup;
			children = (
				AA6A82621956B72D0023D6DE /* Foundation.framework */,
				AA6A82641956B72D0023D6DE /* CoreGraphics.framework */,
				AA6A82661956B72D0023D6DE /* UIKit.framework */,
				AA6A82681956B72D0023D6DE /* CoreData.framework */,
				AA6A82891956B72D0023D6DE /* XCTest.framework */,
			);
			name = Frameworks;
			sourceTree = "<group>";
		};
		AA6A826A1956B72D0023D6DE /* TouchIOS */ = {
			isa = PBXGroup;
			children = (
				AA6A82731956B72D0023D6DE /* AppDelegate.h */,
				AA6A82741956B72D0023D6DE /* AppDelegate.m */,
				AA6A82761956B72D0023D6DE /* Main.storyboard */,
				AA6A827C1956B72D0023D6DE /* MasterViewController.h */,
				AA6A827D1956B72D0023D6DE /* MasterViewController.m */,
				AA6A827F1956B72D0023D6DE /* DetailViewController.h */,
				AA6A82801956B72D0023D6DE /* DetailViewController.m */,
				AA6A82821956B72D0023D6DE /* Images.xcassets */,
				AA6A82791956B72D0023D6DE /* TouchIOS.xcdatamodeld */,
				AA6A826B1956B72D0023D6DE /* Supporting Files */,
			);
			path = TouchIOS;
			sourceTree = "<group>";
		};
		AA6A826B1956B72D0023D6DE /* Supporting Files */ = {
			isa = PBXGroup;
			children = (
				AA6A826C1956B72D0023D6DE /* TouchIOS-Info.plist */,
				AA6A826D1956B72D0023D6DE /* InfoPlist.strings */,
				AA6A82701956B72D0023D6DE /* main.m */,
				AA6A82721956B72D0023D6DE /* TouchIOS-Prefix.pch */,
			);
			name = "Supporting Files";
			sourceTree = "<group>";
		};
		AA6A82901956B72D0023D6DE /* TouchIOSTests */ = {
			isa = PBXGroup;
			children = (
				AA6A82961956B72D0023D6DE /* TouchIOSTests.m */,
				AA6A82911956B72D0023D6DE /* Supporting Files */,
			);
			path = TouchIOSTests;
			sourceTree = "<group>";
		};
		AA6A82911956B72D0023D6DE /* Supporting Files */ = {
			isa = PBXGroup;
			children = (
				AA6A82921956B72D0023D6DE /* TouchIOSTests-Info.plist */,
				AA6A82931956B72D0023D6DE /* InfoPlist.strings */,
			);
			name = "Supporting Files";
			sourceTree = "<group>";
		};
/* End PBXGroup section */

/* Begin PBXNativeTarget section */
		AA6A825E1956B72D0023D6DE /* TouchIOS */ = {
			isa = PBXNativeTarget;
			buildConfigurationList = AA6A829A1956B72D0023D6DE /* Build configuration list for PBXNativeTarget "TouchIOS" */;
			buildPhases = (
				AA6A825B1956B72D0023D6DE /* Sources */,
				AA6A825C1956B72D0023D6DE /* Frameworks */,
				AA6A825D1956B72D0023D6DE /* Resources */,
			);
			buildRules = (
			);
			dependencies = (
			);
			name = TouchIOS;
			productName = TouchIOS;
			productReference = AA6A825F1956B72D0023D6DE /* TouchIOS.app */;
			productType = "com.apple.product-type.application";
		};
		AA6A82871956B72D0023D6DE /* TouchIOSTests */ = {
			isa = PBXNativeTarget;
			buildConfigurationList = AA6A829D1956B72D0023D6DE /* Build configuration list for PBXNativeTarget "TouchIOSTests" */;
			buildPhases = (
				AA6A82841956B72D0023D6DE /* Sources */,
				AA6A82851956B72D0023D6DE /* Frameworks */,
				AA6A82861956B72D0023D6DE /* Resources */,
			);
			buildRules = (
			);
			dependencies = (
				AA6A828F1956B72D0023D6DE /* PBXTargetDependency */,
			);
			name = TouchIOSTests;
			productName = TouchIOSTests;
			productReference = AA6A82881956B72D0023D6DE /* TouchIOSTests.xctest */;
			productType = "com.apple.product-type.bundle.unit-test";
		};
/* End PBXNativeTarget section */

/* Begin PBXProject section */
		AA6A82571956B72D0023D6DE /* Project object */ = {
			isa = PBXProject;
			attributes = {
				LastUpgradeCheck = 0510;
				ORGANIZATIONNAME = BienOwen;
				TargetAttributes = {
					AA6A82871956B72D0023D6DE = {
						TestTargetID = AA6A825E1956B72D0023D6DE;
					};
				};
			};
			buildConfigurationList = AA6A825A1956B72D0023D6DE /* Build configuration list for PBXProject "TouchIOS" */;
			compatibilityVersion = "Xcode 3.2";
			developmentRegion = English;
			hasScannedForEncodings = 0;
			knownRegions = (
				en,
				Base,
			);
			mainGroup = AA6A82561956B72D0023D6DE;
			productRefGroup = AA6A82601956B72D0023D6DE /* Products */;
			projectDirPath = "";
			projectRoot = "";
			targets = (
				AA6A825E1956B72D0023D6DE /* TouchIOS */,
				AA6A82871956B72D0023D6DE /* TouchIOSTests */,
			);
		};
/* End PBXProject section */

/* Begin PBXResourcesBuildPhase section */
		AA6A825D1956B72D0023D6DE /* Resources */ = {
			isa = PBXResourcesBuildPhase;
			buildActionMask = 2147483647;
			files = (
				AA6A82831956B72D0023D6DE /* Images.xcassets in Resources */,
				AA6A826F1956B72D0023D6DE /* InfoPlist.strings in Resources */,
				AA6A82781956B72D0023D6DE /* Main.storyboard in Resources */,
			);
			runOnlyForDeploymentPostprocessing = 0;
		};
		AA6A82861956B72D0023D6DE /* Resources */ = {
			isa = PBXResourcesBuildPhase;
			buildActionMask = 2147483647;
			files = (
				AA6A82951956B72D0023D6DE /* InfoPlist.strings in Resources */,
			);
			runOnlyForDeploymentPostprocessing = 0;
		};
/* End PBXResourcesBuildPhase section */

/* Begin PBXSourcesBuildPhase section */
		AA6A825B1956B72D0023D6DE /* Sources */ = {
			isa = PBXSourcesBuildPhase;
			buildActionMask = 2147483647;
			files = (
				AA6A82811956B72D0023D6DE /* DetailViewController.m in Sources */,
				AA6A827E1956B72D0023D6DE /* MasterViewController.m in Sources */,
				AA6A827B1956B72D0023D6DE /* TouchIOS.xcdatamodeld in Sources */,
				AA6A82751956B72D0023D6DE /* AppDelegate.m in Sources */,
				AA6A82711956B72D0023D6DE /* main.m in Sources */,
			);
			runOnlyForDeploymentPostprocessing = 0;
		};
		AA6A82841956B72D0023D6DE /* Sources */ = {
			isa = PBXSourcesBuildPhase;
			buildActionMask = 2147483647;
			files = (
				AA6A82971956B72D0023D6DE /* TouchIOSTests.m in Sources */,
			);
			runOnlyForDeploymentPostprocessing = 0;
		};
/* End PBXSourcesBuildPhase section */

/* Begin PBXTargetDependency section */
		AA6A828F1956B72D0023D6DE /* PBXTargetDependency */ = {
			isa = PBXTargetDependency;
			target = AA6A825E1956B72D0023D6DE /* TouchIOS */;
			targetProxy = AA6A828E1956B72D0023D6DE /* PBXContainerItemProxy */;
		};
/* End PBXTargetDependency section */

/* Begin PBXVariantGroup section */
		AA6A826D1956B72D0023D6DE /* InfoPlist.strings */ = {
			isa = PBXVariantGroup;
			children = (
				AA6A826E1956B72D0023D6DE /* en */,
			);
			name = InfoPlist.strings;
			sourceTree = "<group>";
		};
		AA6A82761956B72D0023D6DE /* Main.storyboard */ = {
			isa = PBXVariantGroup;
			children = (
				AA6A82771956B72D0023D6DE /* Base */,
			);
			name = Main.storyboard;
			sourceTree = "<group>";
		};
		AA6A82931956B72D0023D6DE /* InfoPlist.strings */ = {
			isa = PBXVariantGroup;
			children = (
				AA6A82941956B72D0023D6DE /* en */,
			);
			name = InfoPlist.strings;
			sourceTree = "<group>";
		};
/* End PBXVariantGroup section */

/* Begin XCBuildConfiguration section */
		AA6A82981956B72D0023D6DE /* Debug */ = {
			isa = XCBuildConfiguration;
			buildSettings = {
				ALWAYS_SEARCH_USER_PATHS = NO;
				CLANG_CXX_LANGUAGE_STANDARD = "gnu++0x";
				CLANG_CXX_LIBRARY = "libc++";
				CLANG_ENABLE_MODULES = YES;
				CLANG_ENABLE_OBJC_ARC = YES;
				CLANG_WARN_BOOL_CONVERSION = YES;
				CLANG_WARN_CONSTANT_CONVERSION = YES;
				CLANG_WARN_DIRECT_OBJC_ISA_USAGE = YES_ERROR;
				CLANG_WARN_EMPTY_BODY = YES;
				CLANG_WARN_ENUM_CONVERSION = YES;
				CLANG_WARN_INT_CONVERSION = YES;
				CLANG_WARN_OBJC_ROOT_CLASS = YES_ERROR;
				CLANG_WARN__DUPLICATE_METHOD_MATCH = YES;
				"CODE_SIGN_IDENTITY[sdk=iphoneos*]" = "iPhone Developer";
				COPY_PHASE_STRIP = NO;
				GCC_C_LANGUAGE_STANDARD = gnu99;
				GCC_DYNAMIC_NO_PIC = NO;
				GCC_OPTIMIZATION_LEVEL = 0;
				GCC_PREPROCESSOR_DEFINITIONS = (
					"DEBUG=1",
					"$(inherited)",
				);
				GCC_SYMBOLS_PRIVATE_EXTERN = NO;
				GCC_WARN_64_TO_32_BIT_CONVERSION = YES;
				GCC_WARN_ABOUT_RETURN_TYPE = YES_ERROR;
				GCC_WARN_UNDECLARED_SELECTOR = YES;
				GCC_WARN_UNINITIALIZED_AUTOS = YES_AGGRESSIVE;
				GCC_WARN_UNUSED_FUNCTION = YES;
				GCC_WARN_UNUSED_VARIABLE = YES;
				IPHONEOS_DEPLOYMENT_TARGET = 7.1;
				ONLY_ACTIVE_ARCH = YES;
				SDKROOT = iphoneos;
			};
			name = Debug;
		};
		AA6A82991956B72D0023D6DE /* Release */ = {
			isa = XCBuildConfiguration;
			buildSettings = {
				ALWAYS_SEARCH_USER_PATHS = NO;
				CLANG_CXX_LANGUAGE_STANDARD = "gnu++0x";
				CLANG_CXX_LIBRARY = "libc++";
				CLANG_ENABLE_MODULES = YES;
				CLANG_ENABLE_OBJC_ARC = YES;
				CLANG_WARN_BOOL_CONVERSION = YES;
				CLANG_WARN_CONSTANT_CONVERSION = YES;
				CLANG_WARN_DIRECT_OBJC_ISA_USAGE = YES_ERROR;
				CLANG_WARN_EMPTY_BODY = YES;
				CLANG_WARN_ENUM_CONVERSION = YES;
				CLANG_WARN_INT_CONVERSION = YES;
				CLANG_WARN_OBJC_ROOT_CLASS = YES_ERROR;
				CLANG_WARN__DUPLICATE_METHOD_MATCH = YES;
				"CODE_SIGN_IDENTITY[sdk=iphoneos*]" = "iPhone Developer";
				COPY_PHASE_STRIP = YES;
				ENABLE_NS_ASSERTIONS = NO;
				GCC_C_LANGUAGE_STANDARD = gnu99;
				GCC_WARN_64_TO_32_BIT_CONVERSION = YES;
				GCC_WARN_ABOUT_RETURN_TYPE = YES_ERROR;
				GCC_WARN_UNDECLARED_SELECTOR = YES;
				GCC_WARN_UNINITIALIZED_AUTOS = YES_AGGRESSIVE;
				GCC_WARN_UNUSED_FUNCTION = YES;
				GCC_WARN_UNUSED_VARIABLE = YES;
				IPHONEOS_DEPLOYMENT_TARGET = 7.1;
				SDKROOT = iphoneos;
				VALIDATE_PRODUCT = YES;
			};
			name = Release;
		};
		AA6A829B1956B72D0023D6DE /* Debug */ = {
			isa = XCBuildConfiguration;
			buildSettings = {
				ASSETCATALOG_COMPILER_APPICON_NAME = AppIcon;
				ASSETCATALOG_COMPILER_LAUNCHIMAGE_NAME = LaunchImage;
				GCC_PRECOMPILE_PREFIX_HEADER = YES;
				GCC_PREFIX_HEADER = "TouchIOS/TouchIOS-Prefix.pch";
				INFOPLIST_FILE = "TouchIOS/TouchIOS-Info.plist";
				PRODUCT_NAME = "$(TARGET_NAME)";
				WRAPPER_EXTENSION = app;
			};
			name = Debug;
		};
		AA6A829C1956B72D0023D6DE /* Release */ = {
			isa = XCBuildConfiguration;
			buildSettings = {
				ASSETCATALOG_COMPILER_APPICON_NAME = AppIcon;
				ASSETCATALOG_COMPILER_LAUNCHIMAGE_NAME = LaunchImage;
				GCC_PRECOMPILE_PREFIX_HEADER = YES;
				GCC_PREFIX_HEADER = "TouchIOS/TouchIOS-Prefix.pch";
				INFOPLIST_FILE = "TouchIOS/TouchIOS-Info.plist";
				PRODUCT_NAME = "$(TARGET_NAME)";
				WRAPPER_EXTENSION = app;
			};
			name = Release;
		};
		AA6A829E1956B72D0023D6DE /* Debug */ = {
			isa = XCBuildConfiguration;
			buildSettings = {
				BUNDLE_LOADER = "$(BUILT_PRODUCTS_DIR)/TouchIOS.app/TouchIOS";
				FRAMEWORK_SEARCH_PATHS = (
					"$(SDKROOT)/Developer/Library/Frameworks",
					"$(inherited)",
					"$(DEVELOPER_FRAMEWORKS_DIR)",
				);
				GCC_PRECOMPILE_PREFIX_HEADER = YES;
				GCC_PREFIX_HEADER = "TouchIOS/TouchIOS-Prefix.pch";
				GCC_PREPROCESSOR_DEFINITIONS = (
					"DEBUG=1",
					"$(inherited)",
				);
				INFOPLIST_FILE = "TouchIOSTests/TouchIOSTests-Info.plist";
				PRODUCT_NAME = "$(TARGET_NAME)";
				TEST_HOST = "$(BUNDLE_LOADER)";
				WRAPPER_EXTENSION = xctest;
			};
			name = Debug;
		};
		AA6A829F1956B72D0023D6DE /* Release */ = {
			isa = XCBuildConfiguration;
			buildSettings = {
				BUNDLE_LOADER = "$(BUILT_PRODUCTS_DIR)/TouchIOS.app/TouchIOS";
				FRAMEWORK_SEARCH_PATHS = (
					"$(SDKROOT)/Developer/Library/Frameworks",
					"$(inherited)",
					"$(DEVELOPER_FRAMEWORKS_DIR)",
				);
				GCC_PRECOMPILE_PREFIX_HEADER = YES;
				GCC_PREFIX_HEADER = "TouchIOS/TouchIOS-Prefix.pch";
				INFOPLIST_FILE = "TouchIOSTests/TouchIOSTests-Info.plist";
				PRODUCT_NAME = "$(TARGET_NAME)";
				TEST_HOST = "$(BUNDLE_LOADER)";
				WRAPPER_EXTENSION = xctest;
			};
			name = Release;
		};
/* End XCBuildConfiguration section */

/* Begin XCConfigurationList section */
		AA6A825A1956B72D0023D6DE /* Build configuration list for PBXProject "TouchIOS" */ = {
			isa = XCConfigurationList;
			buildConfigurations = (
				AA6A82981956B72D0023D6DE /* Debug */,
				AA6A82991956B72D0023D6DE /* Release */,
			);
			defaultConfigurationIsVisible = 0;
			defaultConfigurationName = Release;
		};
		AA6A829A1956B72D0023D6DE /* Build configuration list for PBXNativeTarget "TouchIOS" */ = {
			isa = XCConfigurationList;
			buildConfigurations = (
				AA6A829B1956B72D0023D6DE /* Debug */,
				AA6A829C1956B72D0023D6DE /* Release */,
			);
			defaultConfigurationIsVisible = 0;
		};
		AA6A829D1956B72D0023D6DE /* Build configuration list for PBXNativeTarget "TouchIOSTests" */ = {
			isa = XCConfigurationList;
			buildConfigurations = (
				AA6A829E1956B72D0023D6DE /* Debug */,
				AA6A829F1956B72D0023D6DE /* Release */,
			);
			defaultConfigurationIsVisible = 0;
		};
/* End XCConfigurationList section */

/* Begin XCVersionGroup section */
		AA6A82791956B72D0023D6DE /* TouchIOS.xcdatamodeld */ = {
			isa = XCVersionGroup;
			children = (
				AA6A827A1956B72D0023D6DE /* TouchIOS.xcdatamodel */,
			);
			currentVersion = AA6A827A1956B72D0023D6DE /* TouchIOS.xcdatamodel */;
			path = TouchIOS.xcdatamodeld;
			sourceTree = "<group>";
			versionGroupType = wrapper.xcdatamodel;
		};
/* End XCVersionGroup section */
	};
	rootObject = AA6A82571956B72D0023D6DE /* Project object */;
}
